
Microsoft Visual Studio Solution File, Format Version 12.00
# Visual Studio Version 17
VisualStudioVersion = 17.6.33829.357
MinimumVisualStudioVersion = 10.0.40219.1
Project("{FAE04EC0-301F-11D3-BF4B-00C04F79EFBC}") = "BasicMVC", "BasicMVC.csproj", "{D461E847-B91D-47B5-B54D-E4120B676BDD}"
EndProject
Global
	GlobalSection(SolutionConfigurationPlatforms) = preSolution
		Debug|Any CPU = Debug|Any CPU
		Release|Any CPU = Release|Any CPU
	EndGlobalSection
	GlobalSection(ProjectConfigurationPlatforms) = postSolution
		{D461E847-B91D-47B5-B54D-E4120B676BDD}.Debug|Any CPU.ActiveCfg = Debug|Any CPU
		{D461E847-B91D-47B5-B54D-E4120B676BDD}.Debug|Any CPU.Build.0 = Debug|Any CPU
		{D461E847-B91D-47B5-B54D-E4120B676BDD}.Release|Any CPU.ActiveCfg = Release|Any CPU
		{D461E847-B91D-47B5-B54D-E4120B676BDD}.Release|Any CPU.Build.0 = Release|Any CPU
	EndGlobalSection
	GlobalSection(SolutionProperties) = preSolution
		HideSolutionNode = FALSE
	EndGlobalSection
	GlobalSection(ExtensibilityGlobals) = postSolution
		SolutionGuid = {A4E0B1AE-BC55-428C-B724-18C1019A332A}
	EndGlobalSection
EndGlobal
